
Microsoft Visual Studio Solution File, Format Version 12.00
# Visual Studio 15
Project("{FAE04EC0-301F-11D3-BF4B-00C04F79EFBC}") = "Assembly-CSharp-firstpass", "Assembly-CSharp-firstpass.csproj", "{84B09645-70AE-03C5-1BBE-6D3A7FF32F7A}"
EndProject
Project("{FAE04EC0-301F-11D3-BF4B-00C04F79EFBC}") = "Oculus.LipSync", "Oculus.LipSync.csproj", "{56B3D78F-3999-517C-5E48-655D57523765}"
EndProject
Project("{FAE04EC0-301F-11D3-BF4B-00C04F79EFBC}") = "Assembly-CSharp", "Assembly-CSharp.csproj", "{CB24A423-0C8B-DDCD-0FEB-87A87E4650AE}"
EndProject
Project("{FAE04EC0-301F-11D3-BF4B-00C04F79EFBC}") = "Oculus.LipSync.Editor", "Oculus.LipSync.Editor.csproj", "{F227F526-3F48-88B0-1413-B32DDD0F3B1F}"
EndProject
Global
	GlobalSection(SolutionConfigurationPlatforms) = preSolution
		Debug|Any CPU = Debug|Any CPU
		Release|Any CPU = Release|Any CPU
	EndGlobalSection
	GlobalSection(ProjectConfigurationPlatforms) = postSolution
		{84B09645-70AE-03C5-1BBE-6D3A7FF32F7A}.Debug|Any CPU.ActiveCfg = Debug|Any CPU
		{84B09645-70AE-03C5-1BBE-6D3A7FF32F7A}.Debug|Any CPU.Build.0 = Debug|Any CPU
		{84B09645-70AE-03C5-1BBE-6D3A7FF32F7A}.Release|Any CPU.ActiveCfg = Release|Any CPU
		{84B09645-70AE-03C5-1BBE-6D3A7FF32F7A}.Release|Any CPU.Build.0 = Release|Any CPU
		{56B3D78F-3999-517C-5E48-655D57523765}.Debug|Any CPU.ActiveCfg = Debug|Any CPU
		{56B3D78F-3999-517C-5E48-655D57523765}.Debug|Any CPU.Build.0 = Debug|Any CPU
		{56B3D78F-3999-517C-5E48-655D57523765}.Release|Any CPU.ActiveCfg = Release|Any CPU
		{56B3D78F-3999-517C-5E48-655D57523765}.Release|Any CPU.Build.0 = Release|Any CPU
		{CB24A423-0C8B-DDCD-0FEB-87A87E4650AE}.Debug|Any CPU.ActiveCfg = Debug|Any CPU
		{CB24A423-0C8B-DDCD-0FEB-87A87E4650AE}.Debug|Any CPU.Build.0 = Debug|Any CPU
		{CB24A423-0C8B-DDCD-0FEB-87A87E4650AE}.Release|Any CPU.ActiveCfg = Release|Any CPU
		{CB24A423-0C8B-DDCD-0FEB-87A87E4650AE}.Release|Any CPU.Build.0 = Release|Any CPU
		{F227F526-3F48-88B0-1413-B32DDD0F3B1F}.Debug|Any CPU.ActiveCfg = Debug|Any CPU
		{F227F526-3F48-88B0-1413-B32DDD0F3B1F}.Debug|Any CPU.Build.0 = Debug|Any CPU
		{F227F526-3F48-88B0-1413-B32DDD0F3B1F}.Release|Any CPU.ActiveCfg = Release|Any CPU
		{F227F526-3F48-88B0-1413-B32DDD0F3B1F}.Release|Any CPU.Build.0 = Release|Any CPU
	EndGlobalSection
	GlobalSection(SolutionProperties) = preSolution
		HideSolutionNode = FALSE
	EndGlobalSection
EndGlobal
